{
    "_readme": [
        "This file locks the dependencies of your project to a known state",
        "Read more about it at https://getcomposer.org/doc/01-basic-usage.md#composer-lock-the-lock-file",
        "This file is @generated automatically"
    ],
    "hash": "6d7e8c6f4f09d6aa0759b746e07b62ef",
    "content-hash": "9069db01cf25c217ffe01e691380f5d7",
    "packages": [
        {
            "name": "clue/socket-raw",
            "version": "v1.2.0",
            "source": {
                "type": "git",
                "url": "https://github.com/clue/php-socket-raw.git",
                "reference": "8a10282bcb1e45e076a8a8285237681380e55ea5"
            },
            "dist": {
                "type": "zip",
                "url": "https://api.github.com/repos/clue/php-socket-raw/zipball/8a10282bcb1e45e076a8a8285237681380e55ea5",
                "reference": "8a10282bcb1e45e076a8a8285237681380e55ea5",
                "shasum": ""
            },
            "require": {
                "ext-sockets": "*",
                "php": ">=5.3"
            },
            "type": "library",
            "autoload": {
                "psr-4": {
                    "Socket\\Raw\\": "src"
                }
            },
            "notification-url": "https://packagist.org/downloads/",
            "license": [
                "MIT"
            ],
            "authors": [
                {
                    "name": "Christian Lück",
                    "email": "christian@lueck.tv"
                }
            ],
            "description": "Simple and lightweight OOP wrapper for PHP's low level sockets extension (ext-sockets)",
            "homepage": "https://github.com/clue/php-socket-raw",
            "keywords": [
                "Socket",
                "client",
                "datagram",
                "dgram",
                "icmp",
                "ipv6",
                "server",
                "stream",
                "tcp",
                "udg",
                "udp",
                "unix"
            ],
            "time": "2015-03-18 23:48:01"
        },
        {
            "name": "hampel/json",
            "version": "2.3.1",
            "source": {
                "type": "git",
                "url": "https://bitbucket.org/hampel/json.git",
                "reference": "474d065945e148c13daa7f52dffcce72cfe4f40e"
            },
            "dist": {
                "type": "zip",
                "url": "https://bitbucket.org/hampel/json/get/474d065945e148c13daa7f52dffcce72cfe4f40e.zip",
                "reference": "474d065945e148c13daa7f52dffcce72cfe4f40e",
                "shasum": ""
            },
            "require": {
                "ext-json": "*",
                "php": ">=5.5.0"
            },
            "require-dev": {
                "phpunit/phpunit": "~4.0"
            },
            "type": "library",
            "autoload": {
                "psr-4": {
                    "Hampel\\Json\\": "src/"
                }
            },
            "notification-url": "https://packagist.org/downloads/",
            "license": [
                "MIT"
            ],
            "authors": [
                {
                    "name": "Simon Hampel",
                    "email": "simon@hampelgroup.com",
                    "homepage": "http://hampelgroup.com/",
                    "role": "Developer"
                }
            ],
            "description": "Wrapper for PHP json functions",
            "homepage": "https://bitbucket.org/hampel/json",
            "keywords": [
                "json"
            ],
            "time": "2015-05-23 13:10:50"
        }
    ],
    "packages-dev": [],
    "aliases": [],
    "minimum-stability": "dev",
    "stability-flags": [],
    "prefer-stable": false,
    "prefer-lowest": false,
    "platform": [],
    "platform-dev": []
}
